
Microsoft Visual Studio Solution File, Format Version 12.00
# Visual Studio 2013
VisualStudioVersion = 12.0.31101.0
MinimumVisualStudioVersion = 10.0.40219.1
Project("{FAE04EC0-301F-11D3-BF4B-00C04F79EFBC}") = "AdoWpf", "AdoWpf\AdoWpf.csproj", "{B5F4B2E4-3111-46A4-888E-FB9739FE9C71}"
EndProject
Project("{FAE04EC0-301F-11D3-BF4B-00C04F79EFBC}") = "AdoGemeenschap", "AdoGemeenschap\AdoGemeenschap.csproj", "{FD7ECFE6-0248-4C26-8E5F-718F9F50940A}"
EndProject
Global
	GlobalSection(SolutionConfigurationPlatforms) = preSolution
		Debug|Any CPU = Debug|Any CPU
		Release|Any CPU = Release|Any CPU
	EndGlobalSection
	GlobalSection(ProjectConfigurationPlatforms) = postSolution
		{B5F4B2E4-3111-46A4-888E-FB9739FE9C71}.Debug|Any CPU.ActiveCfg = Debug|Any CPU
		{B5F4B2E4-3111-46A4-888E-FB9739FE9C71}.Debug|Any CPU.Build.0 = Debug|Any CPU
		{B5F4B2E4-3111-46A4-888E-FB9739FE9C71}.Release|Any CPU.ActiveCfg = Release|Any CPU
		{B5F4B2E4-3111-46A4-888E-FB9739FE9C71}.Release|Any CPU.Build.0 = Release|Any CPU
		{FD7ECFE6-0248-4C26-8E5F-718F9F50940A}.Debug|Any CPU.ActiveCfg = Debug|Any CPU
		{FD7ECFE6-0248-4C26-8E5F-718F9F50940A}.Debug|Any CPU.Build.0 = Debug|Any CPU
		{FD7ECFE6-0248-4C26-8E5F-718F9F50940A}.Release|Any CPU.ActiveCfg = Release|Any CPU
		{FD7ECFE6-0248-4C26-8E5F-718F9F50940A}.Release|Any CPU.Build.0 = Release|Any CPU
	EndGlobalSection
	GlobalSection(SolutionProperties) = preSolution
		HideSolutionNode = FALSE
	EndGlobalSection
EndGlobal
